{
    "_readme": [
        "This file locks the dependencies of your project to a known state",
        "Read more about it at https://getcomposer.org/doc/01-basic-usage.md#installing-dependencies",
        "This file is @generated automatically"
    ],
    "content-hash": "c5128368c52c2d36902c425a266b5cd0",
    "packages": [
        {
            "name": "psr/http-message",
            "version": "1.0.1",
            "source": {
                "type": "git",
                "url": "https://github.com/php-fig/http-message.git",
                "reference": "f6561bf28d520154e4b0ec72be95418abe6d9363"
            },
            "dist": {
                "type": "zip",
                "url": "https://api.github.com/repos/php-fig/http-message/zipball/f6561bf28d520154e4b0ec72be95418abe6d9363",
                "reference": "f6561bf28d520154e4b0ec72be95418abe6d9363",
                "shasum": "",
                "mirrors": [
                    {
                        "url": "https://mirrors.aliyun.com/composer/dists/%package%/%reference%.%type%",
                        "preferred": true
                    }
                ]
            },
            "require": {
                "php": ">=5.3.0"
            },
            "type": "library",
            "extra": {
                "branch-alias": {
                    "dev-master": "1.0.x-dev"
                }
            },
            "autoload": {
                "psr-4": {
                    "Psr\\Http\\Message\\": "src/"
                }
            },
            "notification-url": "https://packagist.org/downloads/",
            "license": [
                "MIT"
            ],
            "authors": [
                {
                    "name": "PHP-FIG",
                    "homepage": "http://www.php-fig.org/"
                }
            ],
            "description": "Common interface for HTTP messages",
            "homepage": "https://github.com/php-fig/http-message",
            "keywords": [
                "http",
                "http-message",
                "psr",
                "psr-7",
                "request",
                "response"
            ],
            "time": "2016-08-06T14:39:51+00:00"
        },
        {
            "name": "swlib/http",
            "version": "v1.0.7",
            "source": {
                "type": "git",
                "url": "https://github.com/swlib/http.git",
                "reference": "ddee029d52518df1989391d1135cf6e2d1eb7369"
            },
            "dist": {
                "type": "zip",
                "url": "https://api.github.com/repos/swlib/http/zipball/ddee029d52518df1989391d1135cf6e2d1eb7369",
                "reference": "ddee029d52518df1989391d1135cf6e2d1eb7369",
                "shasum": "",
                "mirrors": [
                    {
                        "url": "https://mirrors.aliyun.com/composer/dists/%package%/%reference%.%type%",
                        "preferred": true
                    }
                ]
            },
            "require": {
                "php": ">=7.0",
                "psr/http-message": "~1.0"
            },
            "require-dev": {
                "phpunit/phpunit": "~7"
            },
            "type": "library",
            "autoload": {
                "files": [
                    "src/functions.php"
                ],
                "psr-4": {
                    "Swlib\\Http\\": "src"
                }
            },
            "notification-url": "https://packagist.org/downloads/",
            "license": [
                "MIT"
            ],
            "authors": [
                {
                    "name": "twosee",
                    "email": "twose@qq.com"
                }
            ],
            "description": "Swlib-HTTP base class repository, PSR implementation",
            "keywords": [
                "http",
                "php",
                "psr7",
                "swoole"
            ],
            "time": "2020-05-08T10:00:28+00:00"
        },
        {
            "name": "swlib/saber",
            "version": "v1.0.15",
            "source": {
                "type": "git",
                "url": "https://github.com/swlib/saber.git",
                "reference": "25f2dba17ddf075e000e82b227fc2df1d276f49d"
            },
            "dist": {
                "type": "zip",
                "url": "https://api.github.com/repos/swlib/saber/zipball/25f2dba17ddf075e000e82b227fc2df1d276f49d",
                "reference": "25f2dba17ddf075e000e82b227fc2df1d276f49d",
                "shasum": "",
                "mirrors": [
                    {
                        "url": "https://mirrors.aliyun.com/composer/dists/%package%/%reference%.%type%",
                        "preferred": true
                    }
                ]
            },
            "require": {
                "php": ">=7.1",
                "swlib/http": "1.0.7",
                "swlib/util": "1.0.2"
            },
            "require-dev": {
                "phpunit/phpunit": "~7"
            },
            "type": "library",
            "autoload": {
                "classmap": [
                    "src/Saber.php",
                    "src/SaberGM.php"
                ],
                "psr-4": {
                    "Swlib\\Saber\\": "src"
                },
                "files": [
                    "src/include/functions.php"
                ]
            },
            "notification-url": "https://packagist.org/downloads/",
            "license": [
                "Apache-2.0"
            ],
            "authors": [
                {
                    "name": "twosee",
                    "email": "twose@qq.com"
                }
            ],
            "description": "Swoole coroutine HTTP client",
            "keywords": [
                "ajax",
                "axios",
                "client",
                "coroutine",
                "curl",
                "http",
                "php",
                "psr7",
                "requests",
                "swoole"
            ],
            "time": "2020-05-10T01:07:02+00:00"
        },
        {
            "name": "swlib/util",
            "version": "v1.0.2",
            "source": {
                "type": "git",
                "url": "https://github.com/swlib/util.git",
                "reference": "fad83bb2bf4a4cc59fdd606aab817677a7885818"
            },
            "dist": {
                "type": "zip",
                "url": "https://api.github.com/repos/swlib/util/zipball/fad83bb2bf4a4cc59fdd606aab817677a7885818",
                "reference": "fad83bb2bf4a4cc59fdd606aab817677a7885818",
                "shasum": "",
                "mirrors": [
                    {
                        "url": "https://mirrors.aliyun.com/composer/dists/%package%/%reference%.%type%",
                        "preferred": true
                    }
                ]
            },
            "require": {
                "php": ">=7.0"
            },
            "require-dev": {
                "phpunit/phpunit": "~7"
            },
            "type": "library",
            "autoload": {
                "psr-4": {
                    "Swlib\\Util\\": "src"
                }
            },
            "notification-url": "https://packagist.org/downloads/",
            "license": [
                "Apache-2.0"
            ],
            "authors": [
                {
                    "name": "twosee",
                    "email": "twose@qq.com"
                }
            ],
            "description": "Swlib Toolkit",
            "keywords": [
                "php",
                "swlib",
                "swoole",
                "util"
            ],
            "time": "2020-05-08T09:55:22+00:00"
        },
        {
            "name": "swoole/ide-helper",
            "version": "4.5.2",
            "source": {
                "type": "git",
                "url": "https://github.com/swoole/ide-helper.git",
                "reference": "e45892fb913204fc776bdec019ca8b723e7249b1"
            },
            "dist": {
                "type": "zip",
                "url": "https://api.github.com/repos/swoole/ide-helper/zipball/e45892fb913204fc776bdec019ca8b723e7249b1",
                "reference": "e45892fb913204fc776bdec019ca8b723e7249b1",
                "shasum": "",
                "mirrors": [
                    {
                        "url": "https://mirrors.aliyun.com/composer/dists/%package%/%reference%.%type%",
                        "preferred": true
                    }
                ]
            },
            "require-dev": {
                "guzzlehttp/guzzle": "~6.5.0",
                "laminas/laminas-code": "~3.4.0",
                "squizlabs/php_codesniffer": "~3.5.0",
                "symfony/filesystem": "~4.0"
            },
            "type": "library",
            "notification-url": "https://packagist.org/downloads/",
            "license": [
                "Apache-2.0"
            ],
            "authors": [
                {
                    "name": "Team Swoole",
                    "email": "team@swoole.com"
                }
            ],
            "description": "IDE help files for Swoole.",
            "time": "2020-05-28T19:17:49+00:00"
        }
    ],
    "packages-dev": [],
    "aliases": [],
    "minimum-stability": "stable",
    "stability-flags": [],
    "prefer-stable": false,
    "prefer-lowest": false,
    "platform": [],
    "platform-dev": [],
    "plugin-api-version": "1.1.0"
}
